# This file is automatically @generated by Cargo.
# It is not intended for manual editing.
version = 4

[[package]]
name = "kevala"
version = "0.1.2"

[[package]]
name = "kevala-cli"
version = "0.1.2"
dependencies = [
 "kevala",
]

[[package]]
name = "kevala-wasm"
version = "0.1.2"
dependencies = [
 "kevala",
]
